// !$*UTF8*$!
{
	archiveVersion = 1;
	classes = {
	};
	objectVersion = 46;
	objects = {

/* Begin PBXBuildFile section */
		04E6A16D1BCCD71000FED9AD /* AppDelegate.swift in Sources */ = {isa = PBXBuildFile; fileRef = 04E6A16C1BCCD71000FED9AD /* AppDelegate.swift */; };
		04E6A16F1BCCD71000FED9AD /* ViewController.swift in Sources */ = {isa = PBXBuildFile; fileRef = 04E6A16E1BCCD71000FED9AD /* ViewController.swift */; };
		04E6A1721BCCD71000FED9AD /* Main.storyboard in Resources */ = {isa = PBXBuildFile; fileRef = 04E6A1701BCCD71000FED9AD /* Main.storyboard */; };
		04E6A1741BCCD71000FED9AD /* Assets.xcassets in Resources */ = {isa = PBXBuildFile; fileRef = 04E6A1731BCCD71000FED9AD /* Assets.xcassets */; };
		04E6A1771BCCD71000FED9AD /* LaunchScreen.storyboard in Resources */ = {isa = PBXBuildFile; fileRef = 04E6A1751BCCD71000FED9AD /* LaunchScreen.storyboard */; };
/* End PBXBuildFile section */

/* Begin PBXFileReference section */
		04E6A1691BCCD71000FED9AD /* marking.app */ = {isa = PBXFileReference; explicitFileType = wrapper.application; includeInIndex = 0; path = marking.app; sourceTree = BUILT_PRODUCTS_DIR; };
		04E6A16C1BCCD71000FED9AD /* AppDelegate.swift */ = {isa = PBXFileReference; lastKnownFileType = sourcecode.swift; path = AppDelegate.swift; sourceTree = "<group>"; };
		04E6A16E1BCCD71000FED9AD /* ViewController.swift */ = {isa = PBXFileReference; lastKnownFileType = sourcecode.swift; path = ViewController.swift; sourceTree = "<group>"; };
		04E6A1711BCCD71000FED9AD /* Base */ = {isa = PBXFileReference; lastKnownFileType = file.storyboard; name = Base; path = Base.lproj/Main.storyboard; sourceTree = "<group>"; };
		04E6A1731BCCD71000FED9AD /* Assets.xcassets */ = {isa = PBXFileReference; lastKnownFileType = folder.assetcatalog; path = Assets.xcassets; sourceTree = "<group>"; };
		04E6A1761BCCD71000FED9AD /* Base */ = {isa = PBXFileReference; lastKnownFileType = file.storyboard; name = Base; path = Base.lproj/LaunchScreen.storyboard; sourceTree = "<group>"; };
		04E6A1781BCCD71000FED9AD /* Info.plist */ = {isa = PBXFileReference; lastKnownFileType = text.plist.xml; path = Info.plist; sourceTree = "<group>"; };
/* End PBXFileReference section */

/* Begin PBXFrameworksBuildPhase section */
		04E6A1661BCCD71000FED9AD /* Frameworks */ = {
			isa = PBXFrameworksBuildPhase;
			buildActionMask = 2147483647;
			files = (
			);
			runOnlyForDeploymentPostprocessing = 0;
		};
/* End PBXFrameworksBuildPhase section */

/* Begin PBXGroup section */
		04E6A1601BCCD71000FED9AD = {
			isa = PBXGroup;
			children = (
				04E6A16B1BCCD71000FED9AD /* marking */,
				04E6A16A1BCCD71000FED9AD /* Products */,
			);
			sourceTree = "<group>";
		};
		04E6A16A1BCCD71000FED9AD /* Products */ = {
			isa = PBXGroup;
			children = (
				04E6A1691BCCD71000FED9AD /* marking.app */,
			);
			name = Products;
			sourceTree = "<group>";
		};
		04E6A16B1BCCD71000FED9AD /* marking */ = {
			isa = PBXGroup;
			children = (
				04E6A16C1BCCD71000FED9AD /* AppDelegate.swift */,
				04E6A16E1BCCD71000FED9AD /* ViewController.swift */,
				04E6A1701BCCD71000FED9AD /* Main.storyboard */,
				04E6A1731BCCD71000FED9AD /* Assets.xcassets */,
				04E6A1751BCCD71000FED9AD /* LaunchScreen.storyboard */,
				04E6A1781BCCD71000FED9AD /* Info.plist */,
			);
			path = marking;
			sourceTree = "<group>";
		};
/* End PBXGroup section */

/* Begin PBXNativeTarget section */
		04E6A1681BCCD71000FED9AD /* marking */ = {
			isa = PBXNativeTarget;
			buildConfigurationList = 04E6A17B1BCCD71000FED9AD /* Build configuration list for PBXNativeTarget "marking" */;
			buildPhases = (
				04E6A1651BCCD71000FED9AD /* Sources */,
				04E6A1661BCCD71000FED9AD /* Frameworks */,
				04E6A1671BCCD71000FED9AD /* Resources */,
			);
			buildRules = (
			);
			dependencies = (
			);
			name = marking;
			productName = marking;
			productReference = 04E6A1691BCCD71000FED9AD /* marking.app */;
			productType = "com.apple.product-type.application";
		};
/* End PBXNativeTarget section */

/* Begin PBXProject section */
		04E6A1611BCCD71000FED9AD /* Project object */ = {
			isa = PBXProject;
			attributes = {
				LastUpgradeCheck = 0700;
				ORGANIZATIONNAME = majia;
				TargetAttributes = {
					04E6A1681BCCD71000FED9AD = {
						CreatedOnToolsVersion = 7.0;
						DevelopmentTeam = SQUG9XJFPM;
					};
				};
			};
			buildConfigurationList = 04E6A1641BCCD71000FED9AD /* Build configuration list for PBXProject "marking" */;
			compatibilityVersion = "Xcode 3.2";
			developmentRegion = English;
			hasScannedForEncodings = 0;
			knownRegions = (
				en,
				Base,
			);
			mainGroup = 04E6A1601BCCD71000FED9AD;
			productRefGroup = 04E6A16A1BCCD71000FED9AD /* Products */;
			projectDirPath = "";
			projectRoot = "";
			targets = (
				04E6A1681BCCD71000FED9AD /* marking */,
			);
		};
/* End PBXProject section */

/* Begin PBXResourcesBuildPhase section */
		04E6A1671BCCD71000FED9AD /* Resources */ = {
			isa = PBXResourcesBuildPhase;
			buildActionMask = 2147483647;
			files = (
				04E6A1771BCCD71000FED9AD /* LaunchScreen.storyboard in Resources */,
				04E6A1741BCCD71000FED9AD /* Assets.xcassets in Resources */,
				04E6A1721BCCD71000FED9AD /* Main.storyboard in Resources */,
			);
			runOnlyForDeploymentPostprocessing = 0;
		};
/* End PBXResourcesBuildPhase section */

/* Begin PBXSourcesBuildPhase section */
		04E6A1651BCCD71000FED9AD /* Sources */ = {
			isa = PBXSourcesBuildPhase;
			buildActionMask = 2147483647;
			files = (
				04E6A16F1BCCD71000FED9AD /* ViewController.swift in Sources */,
				04E6A16D1BCCD71000FED9AD /* AppDelegate.swift in Sources */,
			);
			runOnlyForDeploymentPostprocessing = 0;
		};
/* End PBXSourcesBuildPhase section */

/* Begin PBXVariantGroup section */
		04E6A1701BCCD71000FED9AD /* Main.storyboard */ = {
			isa = PBXVariantGroup;
			children = (
				04E6A1711BCCD71000FED9AD /* Base */,
			);
			name = Main.storyboard;
			sourceTree = "<group>";
		};
		04E6A1751BCCD71000FED9AD /* LaunchScreen.storyboard */ = {
			isa = PBXVariantGroup;
			children = (
				04E6A1761BCCD71000FED9AD /* Base */,
			);
			name = LaunchScreen.storyboard;
			sourceTree = "<group>";
		};
/* End PBXVariantGroup section */

/* Begin XCBuildConfiguration section */
		04E6A1791BCCD71000FED9AD /* Debug */ = {
			isa = XCBuildConfiguration;
			buildSettings = {
				ALWAYS_SEARCH_USER_PATHS = NO;
				CLANG_CXX_LANGUAGE_STANDARD = "gnu++0x";
				CLANG_CXX_LIBRARY = "libc++";
				CLANG_ENABLE_MODULES = YES;
				CLANG_ENABLE_OBJC_ARC = YES;
				CLANG_WARN_BOOL_CONVERSION = YES;
				CLANG_WARN_CONSTANT_CONVERSION = YES;
				CLANG_WARN_DIRECT_OBJC_ISA_USAGE = YES_ERROR;
				CLANG_WARN_EMPTY_BODY = YES;
				CLANG_WARN_ENUM_CONVERSION = YES;
				CLANG_WARN_INT_CONVERSION = YES;
				CLANG_WARN_OBJC_ROOT_CLASS = YES_ERROR;
				CLANG_WARN_UNREACHABLE_CODE = YES;
				CLANG_WARN__DUPLICATE_METHOD_MATCH = YES;
				"CODE_SIGN_IDENTITY[sdk=iphoneos*]" = "iPhone Developer";
				COPY_PHASE_STRIP = NO;
				DEBUG_INFORMATION_FORMAT = dwarf;
				ENABLE_STRICT_OBJC_MSGSEND = YES;
				ENABLE_TESTABILITY = YES;
				GCC_C_LANGUAGE_STANDARD = gnu99;
				GCC_DYNAMIC_NO_PIC = NO;
				GCC_NO_COMMON_BLOCKS = YES;
				GCC_OPTIMIZATION_LEVEL = 0;
				GCC_PREPROCESSOR_DEFINITIONS = (
					"DEBUG=1",
					"$(inherited)",
				);
				GCC_WARN_64_TO_32_BIT_CONVERSION = YES;
				GCC_WARN_ABOUT_RETURN_TYPE = YES_ERROR;
				GCC_WARN_UNDECLARED_SELECTOR = YES;
				GCC_WARN_UNINITIALIZED_AUTOS = YES_AGGRESSIVE;
				GCC_WARN_UNUSED_FUNCTION = YES;
				GCC_WARN_UNUSED_VARIABLE = YES;
				IPHONEOS_DEPLOYMENT_TARGET = 9.0;
				MTL_ENABLE_DEBUG_INFO = YES;
				ONLY_ACTIVE_ARCH = YES;
				SDKROOT = iphoneos;
				SWIFT_OPTIMIZATION_LEVEL = "-Onone";
				TARGETED_DEVICE_FAMILY = "1,2";
			};
			name = Debug;
		};
		04E6A17A1BCCD71000FED9AD /* Release */ = {
			isa = XCBuildConfiguration;
			buildSettings = {
				ALWAYS_SEARCH_USER_PATHS = NO;
				CLANG_CXX_LANGUAGE_STANDARD = "gnu++0x";
				CLANG_CXX_LIBRARY = "libc++";
				CLANG_ENABLE_MODULES = YES;
				CLANG_ENABLE_OBJC_ARC = YES;
				CLANG_WARN_BOOL_CONVERSION = YES;
				CLANG_WARN_CONSTANT_CONVERSION = YES;
				CLANG_WARN_DIRECT_OBJC_ISA_USAGE = YES_ERROR;
				CLANG_WARN_EMPTY_BODY = YES;
				CLANG_WARN_ENUM_CONVERSION = YES;
				CLANG_WARN_INT_CONVERSION = YES;
				CLANG_WARN_OBJC_ROOT_CLASS = YES_ERROR;
				CLANG_WARN_UNREACHABLE_CODE = YES;
				CLANG_WARN__DUPLICATE_METHOD_MATCH = YES;
				"CODE_SIGN_IDENTITY[sdk=iphoneos*]" = "iPhone Developer";
				COPY_PHASE_STRIP = NO;
				DEBUG_INFORMATION_FORMAT = "dwarf-with-dsym";
				ENABLE_NS_ASSERTIONS = NO;
				ENABLE_STRICT_OBJC_MSGSEND = YES;
				GCC_C_LANGUAGE_STANDARD = gnu99;
				GCC_NO_COMMON_BLOCKS = YES;
				GCC_WARN_64_TO_32_BIT_CONVERSION = YES;
				GCC_WARN_ABOUT_RETURN_TYPE = YES_ERROR;
				GCC_WARN_UNDECLARED_SELECTOR = YES;
				GCC_WARN_UNINITIALIZED_AUTOS = YES_AGGRESSIVE;
				GCC_WARN_UNUSED_FUNCTION = YES;
				GCC_WARN_UNUSED_VARIABLE = YES;
				IPHONEOS_DEPLOYMENT_TARGET = 9.0;
				MTL_ENABLE_DEBUG_INFO = NO;
				SDKROOT = iphoneos;
				TARGETED_DEVICE_FAMILY = "1,2";
				VALIDATE_PRODUCT = YES;
			};
			name = Release;
		};
		04E6A17C1BCCD71000FED9AD /* Debug */ = {
			isa = XCBuildConfiguration;
			buildSettings = {
				ASSETCATALOG_COMPILER_APPICON_NAME = AppIcon;
				INFOPLIST_FILE = marking/Info.plist;
				LD_RUNPATH_SEARCH_PATHS = "$(inherited) @executable_path/Frameworks";
				PRODUCT_BUNDLE_IDENTIFIER = mj.marking;
				PRODUCT_NAME = "$(TARGET_NAME)";
			};
			name = Debug;
		};
		04E6A17D1BCCD71000FED9AD /* Release */ = {
			isa = XCBuildConfiguration;
			buildSettings = {
				ASSETCATALOG_COMPILER_APPICON_NAME = AppIcon;
				INFOPLIST_FILE = marking/Info.plist;
				LD_RUNPATH_SEARCH_PATHS = "$(inherited) @executable_path/Frameworks";
				PRODUCT_BUNDLE_IDENTIFIER = mj.marking;
				PRODUCT_NAME = "$(TARGET_NAME)";
			};
			name = Release;
		};
/* End XCBuildConfiguration section */

/* Begin XCConfigurationList section */
		04E6A1641BCCD71000FED9AD /* Build configuration list for PBXProject "marking" */ = {
			isa = XCConfigurationList;
			buildConfigurations = (
				04E6A1791BCCD71000FED9AD /* Debug */,
				04E6A17A1BCCD71000FED9AD /* Release */,
			);
			defaultConfigurationIsVisible = 0;
			defaultConfigurationName = Release;
		};
		04E6A17B1BCCD71000FED9AD /* Build configuration list for PBXNativeTarget "marking" */ = {
			isa = XCConfigurationList;
			buildConfigurations = (
				04E6A17C1BCCD71000FED9AD /* Debug */,
				04E6A17D1BCCD71000FED9AD /* Release */,
			);
			defaultConfigurationIsVisible = 0;
		};
/* End XCConfigurationList section */
	};
	rootObject = 04E6A1611BCCD71000FED9AD /* Project object */;
}
